// !$*UTF8*$!
{
	archiveVersion = 1;
	classes = {
	};
	objectVersion = 55;
	objects = {

/* Begin PBXBuildFile section */
		A63C1C362844115600BBBB27 /* AppDelegate.swift in Sources */ = {isa = PBXBuildFile; fileRef = A63C1C352844115600BBBB27 /* AppDelegate.swift */; };
		A63C1C382844115800BBBB27 /* Assets.xcassets in Resources */ = {isa = PBXBuildFile; fileRef = A63C1C372844115800BBBB27 /* Assets.xcassets */; };
		A63C1C3B2844115800BBBB27 /* MainMenu.xib in Resources */ = {isa = PBXBuildFile; fileRef = A63C1C392844115800BBBB27 /* MainMenu.xib */; };
		A63C1C45284411F600BBBB27 /* contentsArray Extensions.swift in Sources */ = {isa = PBXBuildFile; fileRef = A63C1C44284411F600BBBB27 /* contentsArray Extensions.swift */; };
		A63C1C48284411FC00BBBB27 /* Outline Delegate.swift in Sources */ = {isa = PBXBuildFile; fileRef = A63C1C46284411FC00BBBB27 /* Outline Delegate.swift */; };
		A63C1C49284411FC00BBBB27 /* Object Factory.swift in Sources */ = {isa = PBXBuildFile; fileRef = A63C1C47284411FC00BBBB27 /* Object Factory.swift */; };
		A63C1C4E2844135400BBBB27 /* HostedNetworkAdapter.swift in Sources */ = {isa = PBXBuildFile; fileRef = A63C1C4D2844135400BBBB27 /* HostedNetworkAdapter.swift */; };
		A63C1C522844136A00BBBB27 /* HostedDisk.swift in Sources */ = {isa = PBXBuildFile; fileRef = A63C1C512844136A00BBBB27 /* HostedDisk.swift */; };
		A63C1C542844136E00BBBB27 /* HostedFolder.swift in Sources */ = {isa = PBXBuildFile; fileRef = A63C1C532844136E00BBBB27 /* HostedFolder.swift */; };
		A63C1C562844137B00BBBB27 /* HostedVM.swift in Sources */ = {isa = PBXBuildFile; fileRef = A63C1C552844137B00BBBB27 /* HostedVM.swift */; };
		A63C1C58284413A400BBBB27 /* HostedContainer.swift in Sources */ = {isa = PBXBuildFile; fileRef = A63C1C57284413A400BBBB27 /* HostedContainer.swift */; };
		A63C1C5B284413BA00BBBB27 /* Set up Core Data.swift in Sources */ = {isa = PBXBuildFile; fileRef = A63C1C5A284413BA00BBBB27 /* Set up Core Data.swift */; };
		A63C1C5D284414B900BBBB27 /* DiskTableView.swift in Sources */ = {isa = PBXBuildFile; fileRef = A63C1C5C284414B900BBBB27 /* DiskTableView.swift */; };
		A63C1C6128441B2800BBBB27 /* NetworkAdapterTableView.swift in Sources */ = {isa = PBXBuildFile; fileRef = A63C1C6028441B2800BBBB27 /* NetworkAdapterTableView.swift */; };
/* End PBXBuildFile section */

/* Begin PBXFileReference section */
		A63C1C322844115600BBBB27 /* TableInOutlineExample.app */ = {isa = PBXFileReference; explicitFileType = wrapper.application; includeInIndex = 0; path = TableInOutlineExample.app; sourceTree = BUILT_PRODUCTS_DIR; };
		A63C1C352844115600BBBB27 /* AppDelegate.swift */ = {isa = PBXFileReference; lastKnownFileType = sourcecode.swift; path = AppDelegate.swift; sourceTree = "<group>"; };
		A63C1C372844115800BBBB27 /* Assets.xcassets */ = {isa = PBXFileReference; lastKnownFileType = folder.assetcatalog; path = Assets.xcassets; sourceTree = "<group>"; };
		A63C1C3A2844115800BBBB27 /* Base */ = {isa = PBXFileReference; lastKnownFileType = file.xib; name = Base; path = Base.lproj/MainMenu.xib; sourceTree = "<group>"; };
		A63C1C3C2844115800BBBB27 /* TableInOutlineExample.entitlements */ = {isa = PBXFileReference; lastKnownFileType = text.plist.entitlements; path = TableInOutlineExample.entitlements; sourceTree = "<group>"; };
		A63C1C44284411F600BBBB27 /* contentsArray Extensions.swift */ = {isa = PBXFileReference; fileEncoding = 4; lastKnownFileType = sourcecode.swift; path = "contentsArray Extensions.swift"; sourceTree = "<group>"; };
		A63C1C46284411FC00BBBB27 /* Outline Delegate.swift */ = {isa = PBXFileReference; fileEncoding = 4; lastKnownFileType = sourcecode.swift; path = "Outline Delegate.swift"; sourceTree = "<group>"; };
		A63C1C47284411FC00BBBB27 /* Object Factory.swift */ = {isa = PBXFileReference; fileEncoding = 4; lastKnownFileType = sourcecode.swift; path = "Object Factory.swift"; sourceTree = "<group>"; };
		A63C1C4D2844135400BBBB27 /* HostedNetworkAdapter.swift */ = {isa = PBXFileReference; lastKnownFileType = sourcecode.swift; path = HostedNetworkAdapter.swift; sourceTree = "<group>"; };
		A63C1C512844136A00BBBB27 /* HostedDisk.swift */ = {isa = PBXFileReference; lastKnownFileType = sourcecode.swift; path = HostedDisk.swift; sourceTree = "<group>"; };
		A63C1C532844136E00BBBB27 /* HostedFolder.swift */ = {isa = PBXFileReference; lastKnownFileType = sourcecode.swift; path = HostedFolder.swift; sourceTree = "<group>"; };
		A63C1C552844137B00BBBB27 /* HostedVM.swift */ = {isa = PBXFileReference; lastKnownFileType = sourcecode.swift; path = HostedVM.swift; sourceTree = "<group>"; };
		A63C1C57284413A400BBBB27 /* HostedContainer.swift */ = {isa = PBXFileReference; lastKnownFileType = sourcecode.swift; path = HostedContainer.swift; sourceTree = "<group>"; };
		A63C1C5A284413BA00BBBB27 /* Set up Core Data.swift */ = {isa = PBXFileReference; fileEncoding = 4; lastKnownFileType = sourcecode.swift; path = "Set up Core Data.swift"; sourceTree = "<group>"; };
		A63C1C5C284414B900BBBB27 /* DiskTableView.swift */ = {isa = PBXFileReference; lastKnownFileType = sourcecode.swift; path = DiskTableView.swift; sourceTree = "<group>"; };
		A63C1C6028441B2800BBBB27 /* NetworkAdapterTableView.swift */ = {isa = PBXFileReference; lastKnownFileType = sourcecode.swift; path = NetworkAdapterTableView.swift; sourceTree = "<group>"; };
/* End PBXFileReference section */

/* Begin PBXFrameworksBuildPhase section */
		A63C1C2F2844115600BBBB27 /* Frameworks */ = {
			isa = PBXFrameworksBuildPhase;
			buildActionMask = 2147483647;
			files = (
			);
			runOnlyForDeploymentPostprocessing = 0;
		};
/* End PBXFrameworksBuildPhase section */

/* Begin PBXGroup section */
		A63C1C292844115600BBBB27 = {
			isa = PBXGroup;
			children = (
				A63C1C342844115600BBBB27 /* TableInOutlineExample */,
				A63C1C332844115600BBBB27 /* Products */,
			);
			sourceTree = "<group>";
		};
		A63C1C332844115600BBBB27 /* Products */ = {
			isa = PBXGroup;
			children = (
				A63C1C322844115600BBBB27 /* TableInOutlineExample.app */,
			);
			name = Products;
			sourceTree = "<group>";
		};
		A63C1C342844115600BBBB27 /* TableInOutlineExample */ = {
			isa = PBXGroup;
			children = (
				A63C1C352844115600BBBB27 /* AppDelegate.swift */,
				A63C1C47284411FC00BBBB27 /* Object Factory.swift */,
				A63C1C46284411FC00BBBB27 /* Outline Delegate.swift */,
				A63C1C44284411F600BBBB27 /* contentsArray Extensions.swift */,
				A63C1C59284413AC00BBBB27 /* Core Data */,
				A63C1C5C284414B900BBBB27 /* DiskTableView.swift */,
				A63C1C6028441B2800BBBB27 /* NetworkAdapterTableView.swift */,
				A63C1C372844115800BBBB27 /* Assets.xcassets */,
				A63C1C392844115800BBBB27 /* MainMenu.xib */,
				A63C1C3C2844115800BBBB27 /* TableInOutlineExample.entitlements */,
			);
			path = TableInOutlineExample;
			sourceTree = "<group>";
		};
		A63C1C59284413AC00BBBB27 /* Core Data */ = {
			isa = PBXGroup;
			children = (
				A63C1C5A284413BA00BBBB27 /* Set up Core Data.swift */,
				A63C1C57284413A400BBBB27 /* HostedContainer.swift */,
				A63C1C532844136E00BBBB27 /* HostedFolder.swift */,
				A63C1C552844137B00BBBB27 /* HostedVM.swift */,
				A63C1C512844136A00BBBB27 /* HostedDisk.swift */,
				A63C1C4D2844135400BBBB27 /* HostedNetworkAdapter.swift */,
			);
			path = "Core Data";
			sourceTree = "<group>";
		};
/* End PBXGroup section */

/* Begin PBXNativeTarget section */
		A63C1C312844115600BBBB27 /* TableInOutlineExample */ = {
			isa = PBXNativeTarget;
			buildConfigurationList = A63C1C3F2844115800BBBB27 /* Build configuration list for PBXNativeTarget "TableInOutlineExample" */;
			buildPhases = (
				A63C1C2E2844115600BBBB27 /* Sources */,
				A63C1C2F2844115600BBBB27 /* Frameworks */,
				A63C1C302844115600BBBB27 /* Resources */,
				A63C1C5F2844195900BBBB27 /* ShellScript */,
			);
			buildRules = (
			);
			dependencies = (
			);
			name = TableInOutlineExample;
			productName = TableInOutlineExample;
			productReference = A63C1C322844115600BBBB27 /* TableInOutlineExample.app */;
			productType = "com.apple.product-type.application";
		};
/* End PBXNativeTarget section */

/* Begin PBXProject section */
		A63C1C2A2844115600BBBB27 /* Project object */ = {
			isa = PBXProject;
			attributes = {
				BuildIndependentTargetsInParallel = 1;
				LastSwiftUpdateCheck = 1340;
				LastUpgradeCheck = 1340;
				TargetAttributes = {
					A63C1C312844115600BBBB27 = {
						CreatedOnToolsVersion = 13.4;
					};
				};
			};
			buildConfigurationList = A63C1C2D2844115600BBBB27 /* Build configuration list for PBXProject "TableInOutlineExample" */;
			compatibilityVersion = "Xcode 13.0";
			developmentRegion = en;
			hasScannedForEncodings = 0;
			knownRegions = (
				en,
				Base,
			);
			mainGroup = A63C1C292844115600BBBB27;
			productRefGroup = A63C1C332844115600BBBB27 /* Products */;
			projectDirPath = "";
			projectRoot = "";
			targets = (
				A63C1C312844115600BBBB27 /* TableInOutlineExample */,
			);
		};
/* End PBXProject section */

/* Begin PBXResourcesBuildPhase section */
		A63C1C302844115600BBBB27 /* Resources */ = {
			isa = PBXResourcesBuildPhase;
			buildActionMask = 2147483647;
			files = (
				A63C1C382844115800BBBB27 /* Assets.xcassets in Resources */,
				A63C1C3B2844115800BBBB27 /* MainMenu.xib in Resources */,
			);
			runOnlyForDeploymentPostprocessing = 0;
		};
/* End PBXResourcesBuildPhase section */

/* Begin PBXShellScriptBuildPhase section */
		A63C1C5F2844195900BBBB27 /* ShellScript */ = {
			isa = PBXShellScriptBuildPhase;
			buildActionMask = 2147483647;
			files = (
			);
			inputFileListPaths = (
			);
			inputPaths = (
			);
			outputFileListPaths = (
			);
			outputPaths = (
			);
			runOnlyForDeploymentPostprocessing = 0;
			shellPath = /bin/sh;
			shellScript = "if which swiftlint > /dev/null; then\n  swiftlint\nelse\n  echo \"warning: SwiftLint not installed, download from https://github.com/realm/SwiftLint\"\nfi\n";
		};
/* End PBXShellScriptBuildPhase section */

/* Begin PBXSourcesBuildPhase section */
		A63C1C2E2844115600BBBB27 /* Sources */ = {
			isa = PBXSourcesBuildPhase;
			buildActionMask = 2147483647;
			files = (
				A63C1C5D284414B900BBBB27 /* DiskTableView.swift in Sources */,
				A63C1C362844115600BBBB27 /* AppDelegate.swift in Sources */,
				A63C1C4E2844135400BBBB27 /* HostedNetworkAdapter.swift in Sources */,
				A63C1C58284413A400BBBB27 /* HostedContainer.swift in Sources */,
				A63C1C5B284413BA00BBBB27 /* Set up Core Data.swift in Sources */,
				A63C1C48284411FC00BBBB27 /* Outline Delegate.swift in Sources */,
				A63C1C6128441B2800BBBB27 /* NetworkAdapterTableView.swift in Sources */,
				A63C1C522844136A00BBBB27 /* HostedDisk.swift in Sources */,
				A63C1C542844136E00BBBB27 /* HostedFolder.swift in Sources */,
				A63C1C45284411F600BBBB27 /* contentsArray Extensions.swift in Sources */,
				A63C1C49284411FC00BBBB27 /* Object Factory.swift in Sources */,
				A63C1C562844137B00BBBB27 /* HostedVM.swift in Sources */,
			);
			runOnlyForDeploymentPostprocessing = 0;
		};
/* End PBXSourcesBuildPhase section */

/* Begin PBXVariantGroup section */
		A63C1C392844115800BBBB27 /* MainMenu.xib */ = {
			isa = PBXVariantGroup;
			children = (
				A63C1C3A2844115800BBBB27 /* Base */,
			);
			name = MainMenu.xib;
			sourceTree = "<group>";
		};
/* End PBXVariantGroup section */

/* Begin XCBuildConfiguration section */
		A63C1C3D2844115800BBBB27 /* Debug */ = {
			isa = XCBuildConfiguration;
			buildSettings = {
				ALWAYS_SEARCH_USER_PATHS = NO;
				CLANG_ANALYZER_NONNULL = YES;
				CLANG_ANALYZER_NUMBER_OBJECT_CONVERSION = YES_AGGRESSIVE;
				CLANG_CXX_LANGUAGE_STANDARD = "gnu++17";
				CLANG_ENABLE_MODULES = YES;
				CLANG_ENABLE_OBJC_ARC = YES;
				CLANG_ENABLE_OBJC_WEAK = YES;
				CLANG_WARN_BLOCK_CAPTURE_AUTORELEASING = YES;
				CLANG_WARN_BOOL_CONVERSION = YES;
				CLANG_WARN_COMMA = YES;
				CLANG_WARN_CONSTANT_CONVERSION = YES;
				CLANG_WARN_DEPRECATED_OBJC_IMPLEMENTATIONS = YES;
				CLANG_WARN_DIRECT_OBJC_ISA_USAGE = YES_ERROR;
				CLANG_WARN_DOCUMENTATION_COMMENTS = YES;
				CLANG_WARN_EMPTY_BODY = YES;
				CLANG_WARN_ENUM_CONVERSION = YES;
				CLANG_WARN_INFINITE_RECURSION = YES;
				CLANG_WARN_INT_CONVERSION = YES;
				CLANG_WARN_NON_LITERAL_NULL_CONVERSION = YES;
				CLANG_WARN_OBJC_IMPLICIT_RETAIN_SELF = YES;
				CLANG_WARN_OBJC_LITERAL_CONVERSION = YES;
				CLANG_WARN_OBJC_ROOT_CLASS = YES_ERROR;
				CLANG_WARN_QUOTED_INCLUDE_IN_FRAMEWORK_HEADER = YES;
				CLANG_WARN_RANGE_LOOP_ANALYSIS = YES;
				CLANG_WARN_STRICT_PROTOTYPES = YES;
				CLANG_WARN_SUSPICIOUS_MOVE = YES;
				CLANG_WARN_UNGUARDED_AVAILABILITY = YES_AGGRESSIVE;
				CLANG_WARN_UNREACHABLE_CODE = YES;
				CLANG_WARN__DUPLICATE_METHOD_MATCH = YES;
				COPY_PHASE_STRIP = NO;
				DEBUG_INFORMATION_FORMAT = dwarf;
				ENABLE_STRICT_OBJC_MSGSEND = YES;
				ENABLE_TESTABILITY = YES;
				GCC_C_LANGUAGE_STANDARD = gnu11;
				GCC_DYNAMIC_NO_PIC = NO;
				GCC_NO_COMMON_BLOCKS = YES;
				GCC_OPTIMIZATION_LEVEL = 0;
				GCC_PREPROCESSOR_DEFINITIONS = (
					"DEBUG=1",
					"$(inherited)",
				);
				GCC_WARN_64_TO_32_BIT_CONVERSION = YES;
				GCC_WARN_ABOUT_RETURN_TYPE = YES_ERROR;
				GCC_WARN_UNDECLARED_SELECTOR = YES;
				GCC_WARN_UNINITIALIZED_AUTOS = YES_AGGRESSIVE;
				GCC_WARN_UNUSED_FUNCTION = YES;
				GCC_WARN_UNUSED_VARIABLE = YES;
				MACOSX_DEPLOYMENT_TARGET = 11.0;
				MTL_ENABLE_DEBUG_INFO = INCLUDE_SOURCE;
				MTL_FAST_MATH = YES;
				ONLY_ACTIVE_ARCH = YES;
				SDKROOT = macosx;
				SWIFT_ACTIVE_COMPILATION_CONDITIONS = DEBUG;
				SWIFT_OPTIMIZATION_LEVEL = "-Onone";
			};
			name = Debug;
		};
		A63C1C3E2844115800BBBB27 /* Release */ = {
			isa = XCBuildConfiguration;
			buildSettings = {
				ALWAYS_SEARCH_USER_PATHS = NO;
				CLANG_ANALYZER_NONNULL = YES;
				CLANG_ANALYZER_NUMBER_OBJECT_CONVERSION = YES_AGGRESSIVE;
				CLANG_CXX_LANGUAGE_STANDARD = "gnu++17";
				CLANG_ENABLE_MODULES = YES;
				CLANG_ENABLE_OBJC_ARC = YES;
				CLANG_ENABLE_OBJC_WEAK = YES;
				CLANG_WARN_BLOCK_CAPTURE_AUTORELEASING = YES;
				CLANG_WARN_BOOL_CONVERSION = YES;
				CLANG_WARN_COMMA = YES;
				CLANG_WARN_CONSTANT_CONVERSION = YES;
				CLANG_WARN_DEPRECATED_OBJC_IMPLEMENTATIONS = YES;
				CLANG_WARN_DIRECT_OBJC_ISA_USAGE = YES_ERROR;
				CLANG_WARN_DOCUMENTATION_COMMENTS = YES;
				CLANG_WARN_EMPTY_BODY = YES;
				CLANG_WARN_ENUM_CONVERSION = YES;
				CLANG_WARN_INFINITE_RECURSION = YES;
				CLANG_WARN_INT_CONVERSION = YES;
				CLANG_WARN_NON_LITERAL_NULL_CONVERSION = YES;
				CLANG_WARN_OBJC_IMPLICIT_RETAIN_SELF = YES;
				CLANG_WARN_OBJC_LITERAL_CONVERSION = YES;
				CLANG_WARN_OBJC_ROOT_CLASS = YES_ERROR;
				CLANG_WARN_QUOTED_INCLUDE_IN_FRAMEWORK_HEADER = YES;
				CLANG_WARN_RANGE_LOOP_ANALYSIS = YES;
				CLANG_WARN_STRICT_PROTOTYPES = YES;
				CLANG_WARN_SUSPICIOUS_MOVE = YES;
				CLANG_WARN_UNGUARDED_AVAILABILITY = YES_AGGRESSIVE;
				CLANG_WARN_UNREACHABLE_CODE = YES;
				CLANG_WARN__DUPLICATE_METHOD_MATCH = YES;
				COPY_PHASE_STRIP = NO;
				DEBUG_INFORMATION_FORMAT = "dwarf-with-dsym";
				ENABLE_NS_ASSERTIONS = NO;
				ENABLE_STRICT_OBJC_MSGSEND = YES;
				GCC_C_LANGUAGE_STANDARD = gnu11;
				GCC_NO_COMMON_BLOCKS = YES;
				GCC_WARN_64_TO_32_BIT_CONVERSION = YES;
				GCC_WARN_ABOUT_RETURN_TYPE = YES_ERROR;
				GCC_WARN_UNDECLARED_SELECTOR = YES;
				GCC_WARN_UNINITIALIZED_AUTOS = YES_AGGRESSIVE;
				GCC_WARN_UNUSED_FUNCTION = YES;
				GCC_WARN_UNUSED_VARIABLE = YES;
				MACOSX_DEPLOYMENT_TARGET = 11.0;
				MTL_ENABLE_DEBUG_INFO = NO;
				MTL_FAST_MATH = YES;
				SDKROOT = macosx;
				SWIFT_COMPILATION_MODE = wholemodule;
				SWIFT_OPTIMIZATION_LEVEL = "-O";
			};
			name = Release;
		};
		A63C1C402844115800BBBB27 /* Debug */ = {
			isa = XCBuildConfiguration;
			buildSettings = {
				ASSETCATALOG_COMPILER_APPICON_NAME = AppIcon;
				ASSETCATALOG_COMPILER_GLOBAL_ACCENT_COLOR_NAME = AccentColor;
				CODE_SIGN_ENTITLEMENTS = TableInOutlineExample/TableInOutlineExample.entitlements;
				CODE_SIGN_STYLE = Automatic;
				COMBINE_HIDPI_IMAGES = YES;
				CURRENT_PROJECT_VERSION = 1;
				GENERATE_INFOPLIST_FILE = YES;
				INFOPLIST_KEY_NSHumanReadableCopyright = "";
				INFOPLIST_KEY_NSMainNibFile = MainMenu;
				INFOPLIST_KEY_NSPrincipalClass = NSApplication;
				LD_RUNPATH_SEARCH_PATHS = (
					"$(inherited)",
					"@executable_path/../Frameworks",
				);
				MARKETING_VERSION = 1.0;
				PRODUCT_BUNDLE_IDENTIFIER = local.zimmie.TableInOutlineExample;
				PRODUCT_NAME = "$(TARGET_NAME)";
				SWIFT_EMIT_LOC_STRINGS = YES;
				SWIFT_VERSION = 5.0;
			};
			name = Debug;
		};
		A63C1C412844115800BBBB27 /* Release */ = {
			isa = XCBuildConfiguration;
			buildSettings = {
				ASSETCATALOG_COMPILER_APPICON_NAME = AppIcon;
				ASSETCATALOG_COMPILER_GLOBAL_ACCENT_COLOR_NAME = AccentColor;
				CODE_SIGN_ENTITLEMENTS = TableInOutlineExample/TableInOutlineExample.entitlements;
				CODE_SIGN_STYLE = Automatic;
				COMBINE_HIDPI_IMAGES = YES;
				CURRENT_PROJECT_VERSION = 1;
				GENERATE_INFOPLIST_FILE = YES;
				INFOPLIST_KEY_NSHumanReadableCopyright = "";
				INFOPLIST_KEY_NSMainNibFile = MainMenu;
				INFOPLIST_KEY_NSPrincipalClass = NSApplication;
				LD_RUNPATH_SEARCH_PATHS = (
					"$(inherited)",
					"@executable_path/../Frameworks",
				);
				MARKETING_VERSION = 1.0;
				PRODUCT_BUNDLE_IDENTIFIER = local.zimmie.TableInOutlineExample;
				PRODUCT_NAME = "$(TARGET_NAME)";
				SWIFT_EMIT_LOC_STRINGS = YES;
				SWIFT_VERSION = 5.0;
			};
			name = Release;
		};
/* End XCBuildConfiguration section */

/* Begin XCConfigurationList section */
		A63C1C2D2844115600BBBB27 /* Build configuration list for PBXProject "TableInOutlineExample" */ = {
			isa = XCConfigurationList;
			buildConfigurations = (
				A63C1C3D2844115800BBBB27 /* Debug */,
				A63C1C3E2844115800BBBB27 /* Release */,
			);
			defaultConfigurationIsVisible = 0;
			defaultConfigurationName = Release;
		};
		A63C1C3F2844115800BBBB27 /* Build configuration list for PBXNativeTarget "TableInOutlineExample" */ = {
			isa = XCConfigurationList;
			buildConfigurations = (
				A63C1C402844115800BBBB27 /* Debug */,
				A63C1C412844115800BBBB27 /* Release */,
			);
			defaultConfigurationIsVisible = 0;
			defaultConfigurationName = Release;
		};
/* End XCConfigurationList section */
	};
	rootObject = A63C1C2A2844115600BBBB27 /* Project object */;
}
